
Microsoft Visual Studio Solution File, Format Version 12.00
# Visual Studio Version 17
VisualStudioVersion = 17.5.33424.131
MinimumVisualStudioVersion = 10.0.40219.1
Project("{FAE04EC0-301F-11D3-BF4B-00C04F79EFBC}") = "Transaction Report", "Transactions\Transaction Report.csproj", "{BA10741D-D9F1-4F7B-BA6D-03896E0018BC}"
EndProject
Global
	GlobalSection(SolutionConfigurationPlatforms) = preSolution
		Debug|Any CPU = Debug|Any CPU
		Release|Any CPU = Release|Any CPU
	EndGlobalSection
	GlobalSection(ProjectConfigurationPlatforms) = postSolution
		{BA10741D-D9F1-4F7B-BA6D-03896E0018BC}.Debug|Any CPU.ActiveCfg = Debug|Any CPU
		{BA10741D-D9F1-4F7B-BA6D-03896E0018BC}.Debug|Any CPU.Build.0 = Debug|Any CPU
		{BA10741D-D9F1-4F7B-BA6D-03896E0018BC}.Release|Any CPU.ActiveCfg = Release|Any CPU
		{BA10741D-D9F1-4F7B-BA6D-03896E0018BC}.Release|Any CPU.Build.0 = Release|Any CPU
	EndGlobalSection
	GlobalSection(SolutionProperties) = preSolution
		HideSolutionNode = FALSE
	EndGlobalSection
	GlobalSection(ExtensibilityGlobals) = postSolution
		SolutionGuid = {F7F727FE-E692-46B8-A3EF-5BBCF5C18288}
	EndGlobalSection
EndGlobal
